{
  "pins" : [
    {
      "identity" : "dogecoin-ios-api",
      "kind" : "remoteSourceControl",
      "location" : "https://github.com/chainx-org/dogecoin-ios-api.git",
      "state" : {
        "revision" : "75beff8c30c85bbb8dbb5962d59dcff99ff83da1",
        "version" : "0.1.1"
      }
    }
  ],
  "version" : 2
}
