{
  "pins" : [
    {
      "identity" : "dogecoin-ios-api",
      "kind" : "remoteSourceControl",
      "location" : "https://github.com/chainx-org/dogecoin-ios-api.git",
      "state" : {
        "branch" : "main",
        "revision" : "2addbf065f392b2508f9ebe8c394cddff033a8a5"
      }
    }
  ],
  "version" : 2
}
